
Microsoft Visual Studio Solution File, Format Version 12.00
# Visual Studio Version 17
VisualStudioVersion = 17.4.33110.190
MinimumVisualStudioVersion = 10.0.40219.1
Project("{FAE04EC0-301F-11D3-BF4B-00C04F79EFBC}") = "FindMaxProblem", "FindMaxProblem\FindMaxProblem.csproj", "{E62C8C83-FDB8-42FD-9F53-E246A758143F}"
EndProject
Global
	GlobalSection(SolutionConfigurationPlatforms) = preSolution
		Debug|Any CPU = Debug|Any CPU
		Release|Any CPU = Release|Any CPU
	EndGlobalSection
	GlobalSection(ProjectConfigurationPlatforms) = postSolution
		{E62C8C83-FDB8-42FD-9F53-E246A758143F}.Debug|Any CPU.ActiveCfg = Debug|Any CPU
		{E62C8C83-FDB8-42FD-9F53-E246A758143F}.Debug|Any CPU.Build.0 = Debug|Any CPU
		{E62C8C83-FDB8-42FD-9F53-E246A758143F}.Release|Any CPU.ActiveCfg = Release|Any CPU
		{E62C8C83-FDB8-42FD-9F53-E246A758143F}.Release|Any CPU.Build.0 = Release|Any CPU
	EndGlobalSection
	GlobalSection(SolutionProperties) = preSolution
		HideSolutionNode = FALSE
	EndGlobalSection
	GlobalSection(ExtensibilityGlobals) = postSolution
		SolutionGuid = {75DD62B1-C37E-4846-997D-65067A52BF82}
	EndGlobalSection
EndGlobal
